
Microsoft Visual Studio Solution File, Format Version 12.00
# Visual Studio Version 16
VisualStudioVersion = 16.0.32901.82
MinimumVisualStudioVersion = 10.0.40219.1
Project("{8BC9CEB8-8B4A-11D0-8D11-00A0C91BC942}") = "ConsoleApplication1", "ConsoleApplication1.vcxproj", "{96D3D6CB-CDE8-429E-B60E-D762F724F7E1}"
EndProject
Global
	GlobalSection(SolutionConfigurationPlatforms) = preSolution
		Debug|x64 = Debug|x64
		Debug|x86 = Debug|x86
		Release|x64 = Release|x64
		Release|x86 = Release|x86
	EndGlobalSection
	GlobalSection(ProjectConfigurationPlatforms) = postSolution
		{96D3D6CB-CDE8-429E-B60E-D762F724F7E1}.Debug|x64.ActiveCfg = Debug|x64
		{96D3D6CB-CDE8-429E-B60E-D762F724F7E1}.Debug|x64.Build.0 = Debug|x64
		{96D3D6CB-CDE8-429E-B60E-D762F724F7E1}.Debug|x86.ActiveCfg = Debug|Win32
		{96D3D6CB-CDE8-429E-B60E-D762F724F7E1}.Debug|x86.Build.0 = Debug|Win32
		{96D3D6CB-CDE8-429E-B60E-D762F724F7E1}.Release|x64.ActiveCfg = Release|x64
		{96D3D6CB-CDE8-429E-B60E-D762F724F7E1}.Release|x64.Build.0 = Release|x64
		{96D3D6CB-CDE8-429E-B60E-D762F724F7E1}.Release|x86.ActiveCfg = Release|Win32
		{96D3D6CB-CDE8-429E-B60E-D762F724F7E1}.Release|x86.Build.0 = Release|Win32
	EndGlobalSection
	GlobalSection(SolutionProperties) = preSolution
		HideSolutionNode = FALSE
	EndGlobalSection
	GlobalSection(ExtensibilityGlobals) = postSolution
		SolutionGuid = {602A29E5-05E7-4A43-90EA-85A9E860A847}
	EndGlobalSection
EndGlobal
